
Microsoft Visual Studio Solution File, Format Version 12.00
# Visual Studio Version 16
VisualStudioVersion = 16.0.29613.14
MinimumVisualStudioVersion = 10.0.40219.1
Project("{FAE04EC0-301F-11D3-BF4B-00C04F79EFBC}") = "Calculator_Shovkun_Samkova_PR_2.1", "Calculator_Shovkun_Samkova_PR_2.1.csproj", "{8654830D-4125-46B0-963F-D6966A340548}"
EndProject
Global
	GlobalSection(SolutionConfigurationPlatforms) = preSolution
		Debug|Any CPU = Debug|Any CPU
		Release|Any CPU = Release|Any CPU
	EndGlobalSection
	GlobalSection(ProjectConfigurationPlatforms) = postSolution
		{8654830D-4125-46B0-963F-D6966A340548}.Debug|Any CPU.ActiveCfg = Debug|Any CPU
		{8654830D-4125-46B0-963F-D6966A340548}.Debug|Any CPU.Build.0 = Debug|Any CPU
		{8654830D-4125-46B0-963F-D6966A340548}.Release|Any CPU.ActiveCfg = Release|Any CPU
		{8654830D-4125-46B0-963F-D6966A340548}.Release|Any CPU.Build.0 = Release|Any CPU
	EndGlobalSection
	GlobalSection(SolutionProperties) = preSolution
		HideSolutionNode = FALSE
	EndGlobalSection
	GlobalSection(ExtensibilityGlobals) = postSolution
		SolutionGuid = {F354B8D9-C585-401B-94E9-FAAE28F7FD73}
	EndGlobalSection
EndGlobal
